
Microsoft Visual Studio Solution File, Format Version 12.00
# Visual Studio 15
VisualStudioVersion = 15.0.28307.1340
MinimumVisualStudioVersion = 10.0.40219.1
Project("{FAE04EC0-301F-11D3-BF4B-00C04F79EFBC}") = "select", "select\select.csproj", "{3F2DC78A-7B11-48A0-BC2F-820CDD84AF44}"
EndProject
Global
	GlobalSection(SolutionConfigurationPlatforms) = preSolution
		Debug|Any CPU = Debug|Any CPU
		Release|Any CPU = Release|Any CPU
	EndGlobalSection
	GlobalSection(ProjectConfigurationPlatforms) = postSolution
		{3F2DC78A-7B11-48A0-BC2F-820CDD84AF44}.Debug|Any CPU.ActiveCfg = Debug|Any CPU
		{3F2DC78A-7B11-48A0-BC2F-820CDD84AF44}.Debug|Any CPU.Build.0 = Debug|Any CPU
		{3F2DC78A-7B11-48A0-BC2F-820CDD84AF44}.Release|Any CPU.ActiveCfg = Release|Any CPU
		{3F2DC78A-7B11-48A0-BC2F-820CDD84AF44}.Release|Any CPU.Build.0 = Release|Any CPU
	EndGlobalSection
	GlobalSection(SolutionProperties) = preSolution
		HideSolutionNode = FALSE
	EndGlobalSection
	GlobalSection(ExtensibilityGlobals) = postSolution
		SolutionGuid = {005E6345-B2E6-462B-A555-9C31A9252384}
	EndGlobalSection
EndGlobal
